
Microsoft Visual Studio Solution File, Format Version 12.00
# Visual Studio 14
VisualStudioVersion = 14.0.25123.0
MinimumVisualStudioVersion = 10.0.40219.1
Project("{2150E333-8FDC-42A3-9474-1A3956D46DE8}") = ".paket", ".paket", "{12E7246B-A4E8-4294-AE95-4421BD21E503}"
	ProjectSection(SolutionItems) = preProject
		paket.dependencies = paket.dependencies
		paket.lock = paket.lock
	EndProjectSection
EndProject
Project("{F2A71F9B-5D33-465A-A702-920D77279786}") = "SampleApp", "SampleApp\SampleApp.fsproj", "{AE3021B8-43CE-4EB9-8F56-7025AE0D107D}"
EndProject
Project("{F2A71F9B-5D33-465A-A702-920D77279786}") = "PerfectShuffle.EventSourcing", "PerfectShuffle.EventSourcing\PerfectShuffle.EventSourcing.fsproj", "{4F9159C3-062E-4CFC-8CCC-87A6C8265E61}"
EndProject
Project("{F2A71F9B-5D33-465A-A702-920D77279786}") = "PerfectShuffle.EventSourcing.EventStore", "PerfectShuffle.EventSourcing.EventStore\PerfectShuffle.EventSourcing.EventStore.fsproj", "{9B6EFE2C-015B-4AB7-8750-C22F2A2E98A3}"
EndProject
Project("{F2A71F9B-5D33-465A-A702-920D77279786}") = "PerfectShuffle.EventSourcing.AzureTableStorage", "PerfectShuffle.EventSourcing.AzureTableStorage\PerfectShuffle.EventSourcing.AzureTableStorage.fsproj", "{41199845-254E-4F31-90CD-B49493B38F84}"
EndProject
Global
	GlobalSection(SolutionConfigurationPlatforms) = preSolution
		Debug|Any CPU = Debug|Any CPU
		Release|Any CPU = Release|Any CPU
	EndGlobalSection
	GlobalSection(ProjectConfigurationPlatforms) = postSolution
		{AE3021B8-43CE-4EB9-8F56-7025AE0D107D}.Debug|Any CPU.ActiveCfg = Debug|Any CPU
		{AE3021B8-43CE-4EB9-8F56-7025AE0D107D}.Debug|Any CPU.Build.0 = Debug|Any CPU
		{AE3021B8-43CE-4EB9-8F56-7025AE0D107D}.Release|Any CPU.ActiveCfg = Release|Any CPU
		{AE3021B8-43CE-4EB9-8F56-7025AE0D107D}.Release|Any CPU.Build.0 = Release|Any CPU
		{4F9159C3-062E-4CFC-8CCC-87A6C8265E61}.Debug|Any CPU.ActiveCfg = Debug|Any CPU
		{4F9159C3-062E-4CFC-8CCC-87A6C8265E61}.Debug|Any CPU.Build.0 = Debug|Any CPU
		{4F9159C3-062E-4CFC-8CCC-87A6C8265E61}.Release|Any CPU.ActiveCfg = Release|Any CPU
		{4F9159C3-062E-4CFC-8CCC-87A6C8265E61}.Release|Any CPU.Build.0 = Release|Any CPU
		{9B6EFE2C-015B-4AB7-8750-C22F2A2E98A3}.Debug|Any CPU.ActiveCfg = Debug|Any CPU
		{9B6EFE2C-015B-4AB7-8750-C22F2A2E98A3}.Debug|Any CPU.Build.0 = Debug|Any CPU
		{9B6EFE2C-015B-4AB7-8750-C22F2A2E98A3}.Release|Any CPU.ActiveCfg = Release|Any CPU
		{9B6EFE2C-015B-4AB7-8750-C22F2A2E98A3}.Release|Any CPU.Build.0 = Release|Any CPU
		{41199845-254E-4F31-90CD-B49493B38F84}.Debug|Any CPU.ActiveCfg = Debug|Any CPU
		{41199845-254E-4F31-90CD-B49493B38F84}.Debug|Any CPU.Build.0 = Debug|Any CPU
		{41199845-254E-4F31-90CD-B49493B38F84}.Release|Any CPU.ActiveCfg = Release|Any CPU
		{41199845-254E-4F31-90CD-B49493B38F84}.Release|Any CPU.Build.0 = Release|Any CPU
	EndGlobalSection
	GlobalSection(SolutionProperties) = preSolution
		HideSolutionNode = FALSE
	EndGlobalSection
EndGlobal
